
Microsoft Visual Studio Solution File, Format Version 12.00
# Visual Studio Version 17
VisualStudioVersion = 17.7.34024.191
MinimumVisualStudioVersion = 10.0.40219.1
Project("{FAE04EC0-301F-11D3-BF4B-00C04F79EFBC}") = "4.09", "4.09\4.09.csproj", "{103A8117-AA9A-4A58-B014-D6EA31D8A262}"
EndProject
Global
	GlobalSection(SolutionConfigurationPlatforms) = preSolution
		Debug|Any CPU = Debug|Any CPU
		Release|Any CPU = Release|Any CPU
	EndGlobalSection
	GlobalSection(ProjectConfigurationPlatforms) = postSolution
		{103A8117-AA9A-4A58-B014-D6EA31D8A262}.Debug|Any CPU.ActiveCfg = Debug|Any CPU
		{103A8117-AA9A-4A58-B014-D6EA31D8A262}.Debug|Any CPU.Build.0 = Debug|Any CPU
		{103A8117-AA9A-4A58-B014-D6EA31D8A262}.Release|Any CPU.ActiveCfg = Release|Any CPU
		{103A8117-AA9A-4A58-B014-D6EA31D8A262}.Release|Any CPU.Build.0 = Release|Any CPU
	EndGlobalSection
	GlobalSection(SolutionProperties) = preSolution
		HideSolutionNode = FALSE
	EndGlobalSection
	GlobalSection(ExtensibilityGlobals) = postSolution
		SolutionGuid = {1D3E42AD-CDE4-45A8-A973-F54420B9C6FF}
	EndGlobalSection
EndGlobal
